
Microsoft Visual Studio Solution File, Format Version 12.00
# Visual Studio Version 16
VisualStudioVersion = 16.0.31911.196
MinimumVisualStudioVersion = 10.0.40219.1
Project("{FAE04EC0-301F-11D3-BF4B-00C04F79EFBC}") = "AdaSort", "AdaSort\AdaSort.csproj", "{C7114928-4F36-4B71-8C4B-BEBE01B541D0}"
EndProject
Global
	GlobalSection(SolutionConfigurationPlatforms) = preSolution
		Debug|Any CPU = Debug|Any CPU
		Release|Any CPU = Release|Any CPU
	EndGlobalSection
	GlobalSection(ProjectConfigurationPlatforms) = postSolution
		{C7114928-4F36-4B71-8C4B-BEBE01B541D0}.Debug|Any CPU.ActiveCfg = Debug|Any CPU
		{C7114928-4F36-4B71-8C4B-BEBE01B541D0}.Debug|Any CPU.Build.0 = Debug|Any CPU
		{C7114928-4F36-4B71-8C4B-BEBE01B541D0}.Release|Any CPU.ActiveCfg = Release|Any CPU
		{C7114928-4F36-4B71-8C4B-BEBE01B541D0}.Release|Any CPU.Build.0 = Release|Any CPU
	EndGlobalSection
	GlobalSection(SolutionProperties) = preSolution
		HideSolutionNode = FALSE
	EndGlobalSection
	GlobalSection(ExtensibilityGlobals) = postSolution
		SolutionGuid = {A5A92B2E-B150-4355-9FF8-48702934404C}
	EndGlobalSection
EndGlobal
